
Microsoft Visual Studio Solution File, Format Version 12.00
# Visual Studio Version 17
VisualStudioVersion = 17.3.32825.248
MinimumVisualStudioVersion = 10.0.40219.1
Project("{9A19103F-16F7-4668-BE54-9A1E7A4F7556}") = "golf1052.SlackAPI", "golf1052.SlackAPI\golf1052.SlackAPI.csproj", "{CF4F0A5E-B468-4B3E-9A68-21025EB95B90}"
EndProject
Project("{FAE04EC0-301F-11D3-BF4B-00C04F79EFBC}") = "golf1052.SlackAPI.Tests", "golf1052.SlackAPI.Tests\golf1052.SlackAPI.Tests.csproj", "{7B143E79-8853-433C-8645-9804BD180233}"
EndProject
Global
	GlobalSection(SolutionConfigurationPlatforms) = preSolution
		Debug|Any CPU = Debug|Any CPU
		Release|Any CPU = Release|Any CPU
	EndGlobalSection
	GlobalSection(ProjectConfigurationPlatforms) = postSolution
		{CF4F0A5E-B468-4B3E-9A68-21025EB95B90}.Debug|Any CPU.ActiveCfg = Debug|Any CPU
		{CF4F0A5E-B468-4B3E-9A68-21025EB95B90}.Debug|Any CPU.Build.0 = Debug|Any CPU
		{CF4F0A5E-B468-4B3E-9A68-21025EB95B90}.Release|Any CPU.ActiveCfg = Release|Any CPU
		{CF4F0A5E-B468-4B3E-9A68-21025EB95B90}.Release|Any CPU.Build.0 = Release|Any CPU
		{7B143E79-8853-433C-8645-9804BD180233}.Debug|Any CPU.ActiveCfg = Debug|Any CPU
		{7B143E79-8853-433C-8645-9804BD180233}.Debug|Any CPU.Build.0 = Debug|Any CPU
		{7B143E79-8853-433C-8645-9804BD180233}.Release|Any CPU.ActiveCfg = Release|Any CPU
		{7B143E79-8853-433C-8645-9804BD180233}.Release|Any CPU.Build.0 = Release|Any CPU
	EndGlobalSection
	GlobalSection(SolutionProperties) = preSolution
		HideSolutionNode = FALSE
	EndGlobalSection
	GlobalSection(ExtensibilityGlobals) = postSolution
		SolutionGuid = {6BDFC747-9775-4A5F-8501-2FD4E8FC8433}
	EndGlobalSection
EndGlobal
